
Microsoft Visual Studio Solution File, Format Version 12.00
# Visual Studio Version 17
VisualStudioVersion = 17.7.34221.43
MinimumVisualStudioVersion = 10.0.40219.1
Project("{9A19103F-16F7-4668-BE54-9A1E7A4F7556}") = "Second project", "Second project\Second project.csproj", "{0685DA9B-3CD9-412E-A37F-8084F4D9C03D}"
EndProject
Project("{FAE04EC0-301F-11D3-BF4B-00C04F79EFBC}") = "Unit tests", "Unit tests\Unit tests.csproj", "{0A5B6D0F-ECEA-4808-B2AE-67E2208DE454}"
EndProject
Global
	GlobalSection(SolutionConfigurationPlatforms) = preSolution
		Debug|Any CPU = Debug|Any CPU
		Release|Any CPU = Release|Any CPU
	EndGlobalSection
	GlobalSection(ProjectConfigurationPlatforms) = postSolution
		{0685DA9B-3CD9-412E-A37F-8084F4D9C03D}.Debug|Any CPU.ActiveCfg = Debug|Any CPU
		{0685DA9B-3CD9-412E-A37F-8084F4D9C03D}.Debug|Any CPU.Build.0 = Debug|Any CPU
		{0685DA9B-3CD9-412E-A37F-8084F4D9C03D}.Release|Any CPU.ActiveCfg = Release|Any CPU
		{0685DA9B-3CD9-412E-A37F-8084F4D9C03D}.Release|Any CPU.Build.0 = Release|Any CPU
		{0A5B6D0F-ECEA-4808-B2AE-67E2208DE454}.Debug|Any CPU.ActiveCfg = Debug|Any CPU
		{0A5B6D0F-ECEA-4808-B2AE-67E2208DE454}.Debug|Any CPU.Build.0 = Debug|Any CPU
		{0A5B6D0F-ECEA-4808-B2AE-67E2208DE454}.Release|Any CPU.ActiveCfg = Release|Any CPU
		{0A5B6D0F-ECEA-4808-B2AE-67E2208DE454}.Release|Any CPU.Build.0 = Release|Any CPU
	EndGlobalSection
	GlobalSection(SolutionProperties) = preSolution
		HideSolutionNode = FALSE
	EndGlobalSection
	GlobalSection(ExtensibilityGlobals) = postSolution
		SolutionGuid = {4C656D51-371B-41FE-B3B5-F3F835189027}
	EndGlobalSection
EndGlobal
